<?xml version="1.0" encoding="UTF-8"?>
<!DOCTYPE plist PUBLIC "-//Apple//DTD PLIST 1.0//EN" "http://www.apple.com/DTDs/PropertyList-1.0.dtd">
<plist version="1.0">
<dict>
	<key>archiveVersion</key>
	<string>1</string>
	<key>classes</key>
	<dict/>
	<key>objectVersion</key>
	<string>46</string>
	<key>objects</key>
	<dict>
		<key>3005679218FDE6F20016B55D</key>
		<dict>
			<key>fileEncoding</key>
			<string>4</string>
			<key>isa</key>
			<string>PBXFileReference</string>
			<key>lastKnownFileType</key>
			<string>sourcecode.c.h</string>
			<key>path</key>
			<string>MultiPeerManager.h</string>
			<key>sourceTree</key>
			<string>&lt;group&gt;</string>
		</dict>
		<key>3005679318FDE6F20016B55D</key>
		<dict>
			<key>fileEncoding</key>
			<string>4</string>
			<key>isa</key>
			<string>PBXFileReference</string>
			<key>lastKnownFileType</key>
			<string>sourcecode.c.objc</string>
			<key>path</key>
			<string>MultiPeerManager.m</string>
			<key>sourceTree</key>
			<string>&lt;group&gt;</string>
		</dict>
		<key>3005679418FDE6F20016B55D</key>
		<dict>
			<key>fileRef</key>
			<string>3005679318FDE6F20016B55D</string>
			<key>isa</key>
			<string>PBXBuildFile</string>
		</dict>
		<key>3005679518FDE7270016B55D</key>
		<dict>
			<key>isa</key>
			<string>PBXFileReference</string>
			<key>lastKnownFileType</key>
			<string>wrapper.framework</string>
			<key>name</key>
			<string>MultipeerConnectivity.framework</string>
			<key>path</key>
			<string>System/Library/Frameworks/MultipeerConnectivity.framework</string>
			<key>sourceTree</key>
			<string>SDKROOT</string>
		</dict>
		<key>3005679618FDE7270016B55D</key>
		<dict>
			<key>fileRef</key>
			<string>3005679518FDE7270016B55D</string>
			<key>isa</key>
			<string>PBXBuildFile</string>
		</dict>
		<key>30AC52C018FC9D0000014DEB</key>
		<dict>
			<key>children</key>
			<array>
				<string>30AC52D418FC9D0000014DEB</string>
				<string>30AC52F118FC9D0000014DEB</string>
				<string>30AC52CB18FC9D0000014DEB</string>
				<string>30AC52CA18FC9D0000014DEB</string>
				<string>9D9D91D12FE342D88A602A69</string>
			</array>
			<key>isa</key>
			<string>PBXGroup</string>
			<key>sourceTree</key>
			<string>&lt;group&gt;</string>
		</dict>
		<key>30AC52C118FC9D0000014DEB</key>
		<dict>
			<key>attributes</key>
			<dict>
				<key>LastUpgradeCheck</key>
				<string>0510</string>
				<key>ORGANIZATIONNAME</key>
				<string>Danny</string>
				<key>TargetAttributes</key>
				<dict>
					<key>30AC52E818FC9D0000014DEB</key>
					<dict>
						<key>TestTargetID</key>
						<string>30AC52C818FC9D0000014DEB</string>
					</dict>
				</dict>
			</dict>
			<key>buildConfigurationList</key>
			<string>30AC52C418FC9D0000014DEB</string>
			<key>compatibilityVersion</key>
			<string>Xcode 3.2</string>
			<key>developmentRegion</key>
			<string>English</string>
			<key>hasScannedForEncodings</key>
			<string>0</string>
			<key>isa</key>
			<string>PBXProject</string>
			<key>knownRegions</key>
			<array>
				<string>en</string>
			</array>
			<key>mainGroup</key>
			<string>30AC52C018FC9D0000014DEB</string>
			<key>productRefGroup</key>
			<string>30AC52CA18FC9D0000014DEB</string>
			<key>projectDirPath</key>
			<string></string>
			<key>projectReferences</key>
			<array/>
			<key>projectRoot</key>
			<string></string>
			<key>targets</key>
			<array>
				<string>30AC52C818FC9D0000014DEB</string>
				<string>30AC52E818FC9D0000014DEB</string>
			</array>
		</dict>
		<key>30AC52C418FC9D0000014DEB</key>
		<dict>
			<key>buildConfigurations</key>
			<array>
				<string>30AC52F918FC9D0000014DEB</string>
				<string>30AC52FA18FC9D0000014DEB</string>
			</array>
			<key>defaultConfigurationIsVisible</key>
			<string>0</string>
			<key>defaultConfigurationName</key>
			<string>Release</string>
			<key>isa</key>
			<string>XCConfigurationList</string>
		</dict>
		<key>30AC52C518FC9D0000014DEB</key>
		<dict>
			<key>buildActionMask</key>
			<string>2147483647</string>
			<key>files</key>
			<array>
				<string>30AC52DF18FC9D0000014DEB</string>
				<string>30AC52E218FC9D0000014DEB</string>
				<string>30AC52DB18FC9D0000014DEB</string>
				<string>3005679418FDE6F20016B55D</string>
			</array>
			<key>isa</key>
			<string>PBXSourcesBuildPhase</string>
			<key>runOnlyForDeploymentPostprocessing</key>
			<string>0</string>
		</dict>
		<key>30AC52C618FC9D0000014DEB</key>
		<dict>
			<key>buildActionMask</key>
			<string>2147483647</string>
			<key>files</key>
			<array>
				<string>3005679618FDE7270016B55D</string>
				<string>30AC52CF18FC9D0000014DEB</string>
				<string>30AC52D318FC9D0000014DEB</string>
				<string>30AC52D118FC9D0000014DEB</string>
				<string>30AC52CD18FC9D0000014DEB</string>
				<string>CC532C8383114FAC9490F724</string>
			</array>
			<key>isa</key>
			<string>PBXFrameworksBuildPhase</string>
			<key>runOnlyForDeploymentPostprocessing</key>
			<string>0</string>
		</dict>
		<key>30AC52C718FC9D0000014DEB</key>
		<dict>
			<key>buildActionMask</key>
			<string>2147483647</string>
			<key>files</key>
			<array>
				<string>30AC52D918FC9D0000014DEB</string>
				<string>30AC530218FC9D1500014DEB</string>
				<string>30AC52E418FC9D0000014DEB</string>
			</array>
			<key>isa</key>
			<string>PBXResourcesBuildPhase</string>
			<key>runOnlyForDeploymentPostprocessing</key>
			<string>0</string>
		</dict>
		<key>30AC52C818FC9D0000014DEB</key>
		<dict>
			<key>buildConfigurationList</key>
			<string>30AC52FB18FC9D0000014DEB</string>
			<key>buildPhases</key>
			<array>
				<string>FD93C2A86E5844FABE48300A</string>
				<string>30AC52C518FC9D0000014DEB</string>
				<string>30AC52C618FC9D0000014DEB</string>
				<string>30AC52C718FC9D0000014DEB</string>
				<string>6812BE65613948B59EA61F92</string>
			</array>
			<key>buildRules</key>
			<array/>
			<key>dependencies</key>
			<array/>
			<key>isa</key>
			<string>PBXNativeTarget</string>
			<key>name</key>
			<string>Chatter</string>
			<key>productName</key>
			<string>Chatter</string>
			<key>productReference</key>
			<string>30AC52C918FC9D0000014DEB</string>
			<key>productType</key>
			<string>com.apple.product-type.application</string>
		</dict>
		<key>30AC52C918FC9D0000014DEB</key>
		<dict>
			<key>explicitFileType</key>
			<string>wrapper.application</string>
			<key>includeInIndex</key>
			<string>0</string>
			<key>isa</key>
			<string>PBXFileReference</string>
			<key>path</key>
			<string>Chatter.app</string>
			<key>sourceTree</key>
			<string>BUILT_PRODUCTS_DIR</string>
		</dict>
		<key>30AC52CA18FC9D0000014DEB</key>
		<dict>
			<key>children</key>
			<array>
				<string>30AC52C918FC9D0000014DEB</string>
				<string>30AC52E918FC9D0000014DEB</string>
			</array>
			<key>isa</key>
			<string>PBXGroup</string>
			<key>name</key>
			<string>Products</string>
			<key>sourceTree</key>
			<string>&lt;group&gt;</string>
		</dict>
		<key>30AC52CB18FC9D0000014DEB</key>
		<dict>
			<key>children</key>
			<array>
				<string>3005679518FDE7270016B55D</string>
				<string>30AC52CC18FC9D0000014DEB</string>
				<string>30AC52CE18FC9D0000014DEB</string>
				<string>30AC52D018FC9D0000014DEB</string>
				<string>30AC52D218FC9D0000014DEB</string>
				<string>30AC52EA18FC9D0000014DEB</string>
				<string>E6241349417243F8BB8AD8C8</string>
			</array>
			<key>isa</key>
			<string>PBXGroup</string>
			<key>name</key>
			<string>Frameworks</string>
			<key>sourceTree</key>
			<string>&lt;group&gt;</string>
		</dict>
		<key>30AC52CC18FC9D0000014DEB</key>
		<dict>
			<key>isa</key>
			<string>PBXFileReference</string>
			<key>lastKnownFileType</key>
			<string>wrapper.framework</string>
			<key>name</key>
			<string>Foundation.framework</string>
			<key>path</key>
			<string>System/Library/Frameworks/Foundation.framework</string>
			<key>sourceTree</key>
			<string>SDKROOT</string>
		</dict>
		<key>30AC52CD18FC9D0000014DEB</key>
		<dict>
			<key>fileRef</key>
			<string>30AC52CC18FC9D0000014DEB</string>
			<key>isa</key>
			<string>PBXBuildFile</string>
		</dict>
		<key>30AC52CE18FC9D0000014DEB</key>
		<dict>
			<key>isa</key>
			<string>PBXFileReference</string>
			<key>lastKnownFileType</key>
			<string>wrapper.framework</string>
			<key>name</key>
			<string>CoreGraphics.framework</string>
			<key>path</key>
			<string>System/Library/Frameworks/CoreGraphics.framework</string>
			<key>sourceTree</key>
			<string>SDKROOT</string>
		</dict>
		<key>30AC52CF18FC9D0000014DEB</key>
		<dict>
			<key>fileRef</key>
			<string>30AC52CE18FC9D0000014DEB</string>
			<key>isa</key>
			<string>PBXBuildFile</string>
		</dict>
		<key>30AC52D018FC9D0000014DEB</key>
		<dict>
			<key>isa</key>
			<string>PBXFileReference</string>
			<key>lastKnownFileType</key>
			<string>wrapper.framework</string>
			<key>name</key>
			<string>UIKit.framework</string>
			<key>path</key>
			<string>System/Library/Frameworks/UIKit.framework</string>
			<key>sourceTree</key>
			<string>SDKROOT</string>
		</dict>
		<key>30AC52D118FC9D0000014DEB</key>
		<dict>
			<key>fileRef</key>
			<string>30AC52D018FC9D0000014DEB</string>
			<key>isa</key>
			<string>PBXBuildFile</string>
		</dict>
		<key>30AC52D218FC9D0000014DEB</key>
		<dict>
			<key>isa</key>
			<string>PBXFileReference</string>
			<key>lastKnownFileType</key>
			<string>wrapper.framework</string>
			<key>name</key>
			<string>CoreData.framework</string>
			<key>path</key>
			<string>System/Library/Frameworks/CoreData.framework</string>
			<key>sourceTree</key>
			<string>SDKROOT</string>
		</dict>
		<key>30AC52D318FC9D0000014DEB</key>
		<dict>
			<key>fileRef</key>
			<string>30AC52D218FC9D0000014DEB</string>
			<key>isa</key>
			<string>PBXBuildFile</string>
		</dict>
		<key>30AC52D418FC9D0000014DEB</key>
		<dict>
			<key>children</key>
			<array>
				<string>30AC530118FC9D1500014DEB</string>
				<string>3005679218FDE6F20016B55D</string>
				<string>3005679318FDE6F20016B55D</string>
				<string>30AC52DD18FC9D0000014DEB</string>
				<string>30AC52DE18FC9D0000014DEB</string>
				<string>30AC52E318FC9D0000014DEB</string>
				<string>30AC52E018FC9D0000014DEB</string>
				<string>30AC52D518FC9D0000014DEB</string>
			</array>
			<key>isa</key>
			<string>PBXGroup</string>
			<key>path</key>
			<string>Chatter</string>
			<key>sourceTree</key>
			<string>&lt;group&gt;</string>
		</dict>
		<key>30AC52D518FC9D0000014DEB</key>
		<dict>
			<key>children</key>
			<array>
				<string>30AC52D618FC9D0000014DEB</string>
				<string>30AC52D718FC9D0000014DEB</string>
				<string>30AC52DA18FC9D0000014DEB</string>
				<string>30AC52DC18FC9D0000014DEB</string>
			</array>
			<key>isa</key>
			<string>PBXGroup</string>
			<key>name</key>
			<string>Supporting Files</string>
			<key>sourceTree</key>
			<string>&lt;group&gt;</string>
		</dict>
		<key>30AC52D618FC9D0000014DEB</key>
		<dict>
			<key>isa</key>
			<string>PBXFileReference</string>
			<key>lastKnownFileType</key>
			<string>text.plist.xml</string>
			<key>path</key>
			<string>Chatter-Info.plist</string>
			<key>sourceTree</key>
			<string>&lt;group&gt;</string>
		</dict>
		<key>30AC52D718FC9D0000014DEB</key>
		<dict>
			<key>children</key>
			<array>
				<string>30AC52D818FC9D0000014DEB</string>
			</array>
			<key>isa</key>
			<string>PBXVariantGroup</string>
			<key>name</key>
			<string>InfoPlist.strings</string>
			<key>sourceTree</key>
			<string>&lt;group&gt;</string>
		</dict>
		<key>30AC52D818FC9D0000014DEB</key>
		<dict>
			<key>isa</key>
			<string>PBXFileReference</string>
			<key>lastKnownFileType</key>
			<string>text.plist.strings</string>
			<key>name</key>
			<string>en</string>
			<key>path</key>
			<string>en.lproj/InfoPlist.strings</string>
			<key>sourceTree</key>
			<string>&lt;group&gt;</string>
		</dict>
		<key>30AC52D918FC9D0000014DEB</key>
		<dict>
			<key>fileRef</key>
			<string>30AC52D718FC9D0000014DEB</string>
			<key>isa</key>
			<string>PBXBuildFile</string>
		</dict>
		<key>30AC52DA18FC9D0000014DEB</key>
		<dict>
			<key>isa</key>
			<string>PBXFileReference</string>
			<key>lastKnownFileType</key>
			<string>sourcecode.c.objc</string>
			<key>path</key>
			<string>main.m</string>
			<key>sourceTree</key>
			<string>&lt;group&gt;</string>
		</dict>
		<key>30AC52DB18FC9D0000014DEB</key>
		<dict>
			<key>fileRef</key>
			<string>30AC52DA18FC9D0000014DEB</string>
			<key>isa</key>
			<string>PBXBuildFile</string>
		</dict>
		<key>30AC52DC18FC9D0000014DEB</key>
		<dict>
			<key>isa</key>
			<string>PBXFileReference</string>
			<key>lastKnownFileType</key>
			<string>sourcecode.c.h</string>
			<key>path</key>
			<string>Chatter-Prefix.pch</string>
			<key>sourceTree</key>
			<string>&lt;group&gt;</string>
		</dict>
		<key>30AC52DD18FC9D0000014DEB</key>
		<dict>
			<key>isa</key>
			<string>PBXFileReference</string>
			<key>lastKnownFileType</key>
			<string>sourcecode.c.h</string>
			<key>path</key>
			<string>AppDelegate.h</string>
			<key>sourceTree</key>
			<string>&lt;group&gt;</string>
		</dict>
		<key>30AC52DE18FC9D0000014DEB</key>
		<dict>
			<key>isa</key>
			<string>PBXFileReference</string>
			<key>lastKnownFileType</key>
			<string>sourcecode.c.objc</string>
			<key>path</key>
			<string>AppDelegate.m</string>
			<key>sourceTree</key>
			<string>&lt;group&gt;</string>
		</dict>
		<key>30AC52DF18FC9D0000014DEB</key>
		<dict>
			<key>fileRef</key>
			<string>30AC52DE18FC9D0000014DEB</string>
			<key>isa</key>
			<string>PBXBuildFile</string>
		</dict>
		<key>30AC52E018FC9D0000014DEB</key>
		<dict>
			<key>children</key>
			<array>
				<string>30AC52E118FC9D0000014DEB</string>
			</array>
			<key>currentVersion</key>
			<string>30AC52E118FC9D0000014DEB</string>
			<key>isa</key>
			<string>XCVersionGroup</string>
			<key>path</key>
			<string>Chatter.xcdatamodeld</string>
			<key>sourceTree</key>
			<string>&lt;group&gt;</string>
			<key>versionGroupType</key>
			<string>wrapper.xcdatamodel</string>
		</dict>
		<key>30AC52E118FC9D0000014DEB</key>
		<dict>
			<key>isa</key>
			<string>PBXFileReference</string>
			<key>lastKnownFileType</key>
			<string>wrapper.xcdatamodel</string>
			<key>path</key>
			<string>Chatter.xcdatamodel</string>
			<key>sourceTree</key>
			<string>&lt;group&gt;</string>
		</dict>
		<key>30AC52E218FC9D0000014DEB</key>
		<dict>
			<key>fileRef</key>
			<string>30AC52E018FC9D0000014DEB</string>
			<key>isa</key>
			<string>PBXBuildFile</string>
		</dict>
		<key>30AC52E318FC9D0000014DEB</key>
		<dict>
			<key>isa</key>
			<string>PBXFileReference</string>
			<key>lastKnownFileType</key>
			<string>folder.assetcatalog</string>
			<key>path</key>
			<string>Images.xcassets</string>
			<key>sourceTree</key>
			<string>&lt;group&gt;</string>
		</dict>
		<key>30AC52E418FC9D0000014DEB</key>
		<dict>
			<key>fileRef</key>
			<string>30AC52E318FC9D0000014DEB</string>
			<key>isa</key>
			<string>PBXBuildFile</string>
		</dict>
		<key>30AC52E518FC9D0000014DEB</key>
		<dict>
			<key>buildActionMask</key>
			<string>2147483647</string>
			<key>files</key>
			<array>
				<string>30AC52F818FC9D0000014DEB</string>
			</array>
			<key>isa</key>
			<string>PBXSourcesBuildPhase</string>
			<key>runOnlyForDeploymentPostprocessing</key>
			<string>0</string>
		</dict>
		<key>30AC52E618FC9D0000014DEB</key>
		<dict>
			<key>buildActionMask</key>
			<string>2147483647</string>
			<key>files</key>
			<array>
				<string>30AC52EB18FC9D0000014DEB</string>
				<string>30AC52EE18FC9D0000014DEB</string>
				<string>30AC52ED18FC9D0000014DEB</string>
				<string>30AC52EC18FC9D0000014DEB</string>
			</array>
			<key>isa</key>
			<string>PBXFrameworksBuildPhase</string>
			<key>runOnlyForDeploymentPostprocessing</key>
			<string>0</string>
		</dict>
		<key>30AC52E718FC9D0000014DEB</key>
		<dict>
			<key>buildActionMask</key>
			<string>2147483647</string>
			<key>files</key>
			<array>
				<string>30AC52F618FC9D0000014DEB</string>
			</array>
			<key>isa</key>
			<string>PBXResourcesBuildPhase</string>
			<key>runOnlyForDeploymentPostprocessing</key>
			<string>0</string>
		</dict>
		<key>30AC52E818FC9D0000014DEB</key>
		<dict>
			<key>buildConfigurationList</key>
			<string>30AC52FE18FC9D0000014DEB</string>
			<key>buildPhases</key>
			<array>
				<string>30AC52E518FC9D0000014DEB</string>
				<string>30AC52E618FC9D0000014DEB</string>
				<string>30AC52E718FC9D0000014DEB</string>
			</array>
			<key>buildRules</key>
			<array/>
			<key>dependencies</key>
			<array>
				<string>30AC52F018FC9D0000014DEB</string>
			</array>
			<key>isa</key>
			<string>PBXNativeTarget</string>
			<key>name</key>
			<string>ChatterTests</string>
			<key>productName</key>
			<string>ChatterTests</string>
			<key>productReference</key>
			<string>30AC52E918FC9D0000014DEB</string>
			<key>productType</key>
			<string>com.apple.product-type.bundle.unit-test</string>
		</dict>
		<key>30AC52E918FC9D0000014DEB</key>
		<dict>
			<key>explicitFileType</key>
			<string>wrapper.cfbundle</string>
			<key>includeInIndex</key>
			<string>0</string>
			<key>isa</key>
			<string>PBXFileReference</string>
			<key>path</key>
			<string>ChatterTests.xctest</string>
			<key>sourceTree</key>
			<string>BUILT_PRODUCTS_DIR</string>
		</dict>
		<key>30AC52EA18FC9D0000014DEB</key>
		<dict>
			<key>isa</key>
			<string>PBXFileReference</string>
			<key>lastKnownFileType</key>
			<string>wrapper.framework</string>
			<key>name</key>
			<string>XCTest.framework</string>
			<key>path</key>
			<string>Library/Frameworks/XCTest.framework</string>
			<key>sourceTree</key>
			<string>DEVELOPER_DIR</string>
		</dict>
		<key>30AC52EB18FC9D0000014DEB</key>
		<dict>
			<key>fileRef</key>
			<string>30AC52EA18FC9D0000014DEB</string>
			<key>isa</key>
			<string>PBXBuildFile</string>
		</dict>
		<key>30AC52EC18FC9D0000014DEB</key>
		<dict>
			<key>fileRef</key>
			<string>30AC52CC18FC9D0000014DEB</string>
			<key>isa</key>
			<string>PBXBuildFile</string>
		</dict>
		<key>30AC52ED18FC9D0000014DEB</key>
		<dict>
			<key>fileRef</key>
			<string>30AC52D018FC9D0000014DEB</string>
			<key>isa</key>
			<string>PBXBuildFile</string>
		</dict>
		<key>30AC52EE18FC9D0000014DEB</key>
		<dict>
			<key>fileRef</key>
			<string>30AC52D218FC9D0000014DEB</string>
			<key>isa</key>
			<string>PBXBuildFile</string>
		</dict>
		<key>30AC52EF18FC9D0000014DEB</key>
		<dict>
			<key>containerPortal</key>
			<string>30AC52C118FC9D0000014DEB</string>
			<key>isa</key>
			<string>PBXContainerItemProxy</string>
			<key>proxyType</key>
			<string>1</string>
			<key>remoteGlobalIDString</key>
			<string>30AC52C818FC9D0000014DEB</string>
			<key>remoteInfo</key>
			<string>Chatter</string>
		</dict>
		<key>30AC52F018FC9D0000014DEB</key>
		<dict>
			<key>isa</key>
			<string>PBXTargetDependency</string>
			<key>target</key>
			<string>30AC52C818FC9D0000014DEB</string>
			<key>targetProxy</key>
			<string>30AC52EF18FC9D0000014DEB</string>
		</dict>
		<key>30AC52F118FC9D0000014DEB</key>
		<dict>
			<key>children</key>
			<array>
				<string>30AC52F718FC9D0000014DEB</string>
				<string>30AC52F218FC9D0000014DEB</string>
			</array>
			<key>isa</key>
			<string>PBXGroup</string>
			<key>path</key>
			<string>ChatterTests</string>
			<key>sourceTree</key>
			<string>&lt;group&gt;</string>
		</dict>
		<key>30AC52F218FC9D0000014DEB</key>
		<dict>
			<key>children</key>
			<array>
				<string>30AC52F318FC9D0000014DEB</string>
				<string>30AC52F418FC9D0000014DEB</string>
			</array>
			<key>isa</key>
			<string>PBXGroup</string>
			<key>name</key>
			<string>Supporting Files</string>
			<key>sourceTree</key>
			<string>&lt;group&gt;</string>
		</dict>
		<key>30AC52F318FC9D0000014DEB</key>
		<dict>
			<key>isa</key>
			<string>PBXFileReference</string>
			<key>lastKnownFileType</key>
			<string>text.plist.xml</string>
			<key>path</key>
			<string>ChatterTests-Info.plist</string>
			<key>sourceTree</key>
			<string>&lt;group&gt;</string>
		</dict>
		<key>30AC52F418FC9D0000014DEB</key>
		<dict>
			<key>children</key>
			<array>
				<string>30AC52F518FC9D0000014DEB</string>
			</array>
			<key>isa</key>
			<string>PBXVariantGroup</string>
			<key>name</key>
			<string>InfoPlist.strings</string>
			<key>sourceTree</key>
			<string>&lt;group&gt;</string>
		</dict>
		<key>30AC52F518FC9D0000014DEB</key>
		<dict>
			<key>isa</key>
			<string>PBXFileReference</string>
			<key>lastKnownFileType</key>
			<string>text.plist.strings</string>
			<key>name</key>
			<string>en</string>
			<key>path</key>
			<string>en.lproj/InfoPlist.strings</string>
			<key>sourceTree</key>
			<string>&lt;group&gt;</string>
		</dict>
		<key>30AC52F618FC9D0000014DEB</key>
		<dict>
			<key>fileRef</key>
			<string>30AC52F418FC9D0000014DEB</string>
			<key>isa</key>
			<string>PBXBuildFile</string>
		</dict>
		<key>30AC52F718FC9D0000014DEB</key>
		<dict>
			<key>isa</key>
			<string>PBXFileReference</string>
			<key>lastKnownFileType</key>
			<string>sourcecode.c.objc</string>
			<key>path</key>
			<string>ChatterTests.m</string>
			<key>sourceTree</key>
			<string>&lt;group&gt;</string>
		</dict>
		<key>30AC52F818FC9D0000014DEB</key>
		<dict>
			<key>fileRef</key>
			<string>30AC52F718FC9D0000014DEB</string>
			<key>isa</key>
			<string>PBXBuildFile</string>
		</dict>
		<key>30AC52F918FC9D0000014DEB</key>
		<dict>
			<key>buildSettings</key>
			<dict>
				<key>ALWAYS_SEARCH_USER_PATHS</key>
				<string>NO</string>
				<key>CLANG_CXX_LANGUAGE_STANDARD</key>
				<string>gnu++0x</string>
				<key>CLANG_CXX_LIBRARY</key>
				<string>libc++</string>
				<key>CLANG_ENABLE_MODULES</key>
				<string>YES</string>
				<key>CLANG_ENABLE_OBJC_ARC</key>
				<string>YES</string>
				<key>CLANG_WARN_BOOL_CONVERSION</key>
				<string>YES</string>
				<key>CLANG_WARN_CONSTANT_CONVERSION</key>
				<string>YES</string>
				<key>CLANG_WARN_DIRECT_OBJC_ISA_USAGE</key>
				<string>YES_ERROR</string>
				<key>CLANG_WARN_EMPTY_BODY</key>
				<string>YES</string>
				<key>CLANG_WARN_ENUM_CONVERSION</key>
				<string>YES</string>
				<key>CLANG_WARN_INT_CONVERSION</key>
				<string>YES</string>
				<key>CLANG_WARN_OBJC_ROOT_CLASS</key>
				<string>YES_ERROR</string>
				<key>CLANG_WARN__DUPLICATE_METHOD_MATCH</key>
				<string>YES</string>
				<key>CODE_SIGN_IDENTITY[sdk=iphoneos*]</key>
				<string>iPhone Developer</string>
				<key>COPY_PHASE_STRIP</key>
				<string>NO</string>
				<key>GCC_C_LANGUAGE_STANDARD</key>
				<string>gnu99</string>
				<key>GCC_DYNAMIC_NO_PIC</key>
				<string>NO</string>
				<key>GCC_OPTIMIZATION_LEVEL</key>
				<string>0</string>
				<key>GCC_PREPROCESSOR_DEFINITIONS</key>
				<array>
					<string>DEBUG=1</string>
					<string>$(inherited)</string>
				</array>
				<key>GCC_SYMBOLS_PRIVATE_EXTERN</key>
				<string>NO</string>
				<key>GCC_WARN_64_TO_32_BIT_CONVERSION</key>
				<string>YES</string>
				<key>GCC_WARN_ABOUT_RETURN_TYPE</key>
				<string>YES_ERROR</string>
				<key>GCC_WARN_UNDECLARED_SELECTOR</key>
				<string>YES</string>
				<key>GCC_WARN_UNINITIALIZED_AUTOS</key>
				<string>YES_AGGRESSIVE</string>
				<key>GCC_WARN_UNUSED_FUNCTION</key>
				<string>YES</string>
				<key>GCC_WARN_UNUSED_VARIABLE</key>
				<string>YES</string>
				<key>IPHONEOS_DEPLOYMENT_TARGET</key>
				<string>7.1</string>
				<key>ONLY_ACTIVE_ARCH</key>
				<string>YES</string>
				<key>SDKROOT</key>
				<string>iphoneos</string>
			</dict>
			<key>isa</key>
			<string>XCBuildConfiguration</string>
			<key>name</key>
			<string>Debug</string>
		</dict>
		<key>30AC52FA18FC9D0000014DEB</key>
		<dict>
			<key>buildSettings</key>
			<dict>
				<key>ALWAYS_SEARCH_USER_PATHS</key>
				<string>NO</string>
				<key>CLANG_CXX_LANGUAGE_STANDARD</key>
				<string>gnu++0x</string>
				<key>CLANG_CXX_LIBRARY</key>
				<string>libc++</string>
				<key>CLANG_ENABLE_MODULES</key>
				<string>YES</string>
				<key>CLANG_ENABLE_OBJC_ARC</key>
				<string>YES</string>
				<key>CLANG_WARN_BOOL_CONVERSION</key>
				<string>YES</string>
				<key>CLANG_WARN_CONSTANT_CONVERSION</key>
				<string>YES</string>
				<key>CLANG_WARN_DIRECT_OBJC_ISA_USAGE</key>
				<string>YES_ERROR</string>
				<key>CLANG_WARN_EMPTY_BODY</key>
				<string>YES</string>
				<key>CLANG_WARN_ENUM_CONVERSION</key>
				<string>YES</string>
				<key>CLANG_WARN_INT_CONVERSION</key>
				<string>YES</string>
				<key>CLANG_WARN_OBJC_ROOT_CLASS</key>
				<string>YES_ERROR</string>
				<key>CLANG_WARN__DUPLICATE_METHOD_MATCH</key>
				<string>YES</string>
				<key>CODE_SIGN_IDENTITY[sdk=iphoneos*]</key>
				<string>iPhone Developer</string>
				<key>COPY_PHASE_STRIP</key>
				<string>YES</string>
				<key>ENABLE_NS_ASSERTIONS</key>
				<string>NO</string>
				<key>GCC_C_LANGUAGE_STANDARD</key>
				<string>gnu99</string>
				<key>GCC_WARN_64_TO_32_BIT_CONVERSION</key>
				<string>YES</string>
				<key>GCC_WARN_ABOUT_RETURN_TYPE</key>
				<string>YES_ERROR</string>
				<key>GCC_WARN_UNDECLARED_SELECTOR</key>
				<string>YES</string>
				<key>GCC_WARN_UNINITIALIZED_AUTOS</key>
				<string>YES_AGGRESSIVE</string>
				<key>GCC_WARN_UNUSED_FUNCTION</key>
				<string>YES</string>
				<key>GCC_WARN_UNUSED_VARIABLE</key>
				<string>YES</string>
				<key>IPHONEOS_DEPLOYMENT_TARGET</key>
				<string>7.1</string>
				<key>SDKROOT</key>
				<string>iphoneos</string>
				<key>VALIDATE_PRODUCT</key>
				<string>YES</string>
			</dict>
			<key>isa</key>
			<string>XCBuildConfiguration</string>
			<key>name</key>
			<string>Release</string>
		</dict>
		<key>30AC52FB18FC9D0000014DEB</key>
		<dict>
			<key>buildConfigurations</key>
			<array>
				<string>30AC52FC18FC9D0000014DEB</string>
				<string>30AC52FD18FC9D0000014DEB</string>
			</array>
			<key>defaultConfigurationIsVisible</key>
			<string>0</string>
			<key>defaultConfigurationName</key>
			<string>Release</string>
			<key>isa</key>
			<string>XCConfigurationList</string>
		</dict>
		<key>30AC52FC18FC9D0000014DEB</key>
		<dict>
			<key>baseConfigurationReference</key>
			<string>9D9D91D12FE342D88A602A69</string>
			<key>buildSettings</key>
			<dict>
				<key>ASSETCATALOG_COMPILER_APPICON_NAME</key>
				<string>AppIcon</string>
				<key>ASSETCATALOG_COMPILER_LAUNCHIMAGE_NAME</key>
				<string>LaunchImage</string>
				<key>GCC_PRECOMPILE_PREFIX_HEADER</key>
				<string>YES</string>
				<key>GCC_PREFIX_HEADER</key>
				<string>Chatter/Chatter-Prefix.pch</string>
				<key>INFOPLIST_FILE</key>
				<string>Chatter/Chatter-Info.plist</string>
				<key>PRODUCT_NAME</key>
				<string>$(TARGET_NAME)</string>
				<key>WRAPPER_EXTENSION</key>
				<string>app</string>
			</dict>
			<key>isa</key>
			<string>XCBuildConfiguration</string>
			<key>name</key>
			<string>Debug</string>
		</dict>
		<key>30AC52FD18FC9D0000014DEB</key>
		<dict>
			<key>baseConfigurationReference</key>
			<string>9D9D91D12FE342D88A602A69</string>
			<key>buildSettings</key>
			<dict>
				<key>ASSETCATALOG_COMPILER_APPICON_NAME</key>
				<string>AppIcon</string>
				<key>ASSETCATALOG_COMPILER_LAUNCHIMAGE_NAME</key>
				<string>LaunchImage</string>
				<key>GCC_PRECOMPILE_PREFIX_HEADER</key>
				<string>YES</string>
				<key>GCC_PREFIX_HEADER</key>
				<string>Chatter/Chatter-Prefix.pch</string>
				<key>INFOPLIST_FILE</key>
				<string>Chatter/Chatter-Info.plist</string>
				<key>PRODUCT_NAME</key>
				<string>$(TARGET_NAME)</string>
				<key>WRAPPER_EXTENSION</key>
				<string>app</string>
			</dict>
			<key>isa</key>
			<string>XCBuildConfiguration</string>
			<key>name</key>
			<string>Release</string>
		</dict>
		<key>30AC52FE18FC9D0000014DEB</key>
		<dict>
			<key>buildConfigurations</key>
			<array>
				<string>30AC52FF18FC9D0000014DEB</string>
				<string>30AC530018FC9D0000014DEB</string>
			</array>
			<key>defaultConfigurationIsVisible</key>
			<string>0</string>
			<key>defaultConfigurationName</key>
			<string>Release</string>
			<key>isa</key>
			<string>XCConfigurationList</string>
		</dict>
		<key>30AC52FF18FC9D0000014DEB</key>
		<dict>
			<key>buildSettings</key>
			<dict>
				<key>BUNDLE_LOADER</key>
				<string>$(BUILT_PRODUCTS_DIR)/Chatter.app/Chatter</string>
				<key>FRAMEWORK_SEARCH_PATHS</key>
				<array>
					<string>$(SDKROOT)/Developer/Library/Frameworks</string>
					<string>$(inherited)</string>
					<string>$(DEVELOPER_FRAMEWORKS_DIR)</string>
				</array>
				<key>GCC_PRECOMPILE_PREFIX_HEADER</key>
				<string>YES</string>
				<key>GCC_PREFIX_HEADER</key>
				<string>Chatter/Chatter-Prefix.pch</string>
				<key>GCC_PREPROCESSOR_DEFINITIONS</key>
				<array>
					<string>DEBUG=1</string>
					<string>$(inherited)</string>
				</array>
				<key>INFOPLIST_FILE</key>
				<string>ChatterTests/ChatterTests-Info.plist</string>
				<key>PRODUCT_NAME</key>
				<string>$(TARGET_NAME)</string>
				<key>TEST_HOST</key>
				<string>$(BUNDLE_LOADER)</string>
				<key>WRAPPER_EXTENSION</key>
				<string>xctest</string>
			</dict>
			<key>isa</key>
			<string>XCBuildConfiguration</string>
			<key>name</key>
			<string>Debug</string>
		</dict>
		<key>30AC530018FC9D0000014DEB</key>
		<dict>
			<key>buildSettings</key>
			<dict>
				<key>BUNDLE_LOADER</key>
				<string>$(BUILT_PRODUCTS_DIR)/Chatter.app/Chatter</string>
				<key>FRAMEWORK_SEARCH_PATHS</key>
				<array>
					<string>$(SDKROOT)/Developer/Library/Frameworks</string>
					<string>$(inherited)</string>
					<string>$(DEVELOPER_FRAMEWORKS_DIR)</string>
				</array>
				<key>GCC_PRECOMPILE_PREFIX_HEADER</key>
				<string>YES</string>
				<key>GCC_PREFIX_HEADER</key>
				<string>Chatter/Chatter-Prefix.pch</string>
				<key>INFOPLIST_FILE</key>
				<string>ChatterTests/ChatterTests-Info.plist</string>
				<key>PRODUCT_NAME</key>
				<string>$(TARGET_NAME)</string>
				<key>TEST_HOST</key>
				<string>$(BUNDLE_LOADER)</string>
				<key>WRAPPER_EXTENSION</key>
				<string>xctest</string>
			</dict>
			<key>isa</key>
			<string>XCBuildConfiguration</string>
			<key>name</key>
			<string>Release</string>
		</dict>
		<key>30AC530118FC9D1500014DEB</key>
		<dict>
			<key>fileEncoding</key>
			<string>4</string>
			<key>isa</key>
			<string>PBXFileReference</string>
			<key>lastKnownFileType</key>
			<string>file.storyboard</string>
			<key>path</key>
			<string>main.storyboard</string>
			<key>sourceTree</key>
			<string>&lt;group&gt;</string>
		</dict>
		<key>30AC530218FC9D1500014DEB</key>
		<dict>
			<key>fileRef</key>
			<string>30AC530118FC9D1500014DEB</string>
			<key>isa</key>
			<string>PBXBuildFile</string>
		</dict>
		<key>6812BE65613948B59EA61F92</key>
		<dict>
			<key>buildActionMask</key>
			<string>2147483647</string>
			<key>files</key>
			<array/>
			<key>inputPaths</key>
			<array/>
			<key>isa</key>
			<string>PBXShellScriptBuildPhase</string>
			<key>name</key>
			<string>Copy Pods Resources</string>
			<key>outputPaths</key>
			<array/>
			<key>runOnlyForDeploymentPostprocessing</key>
			<string>0</string>
			<key>shellPath</key>
			<string>/bin/sh</string>
			<key>shellScript</key>
			<string>"${SRCROOT}/Pods/Pods-resources.sh"
</string>
			<key>showEnvVarsInLog</key>
			<string>0</string>
		</dict>
		<key>9D9D91D12FE342D88A602A69</key>
		<dict>
			<key>includeInIndex</key>
			<string>1</string>
			<key>isa</key>
			<string>PBXFileReference</string>
			<key>lastKnownFileType</key>
			<string>text.xcconfig</string>
			<key>name</key>
			<string>Pods.xcconfig</string>
			<key>path</key>
			<string>Pods/Pods.xcconfig</string>
			<key>sourceTree</key>
			<string>&lt;group&gt;</string>
		</dict>
		<key>CC532C8383114FAC9490F724</key>
		<dict>
			<key>fileRef</key>
			<string>E6241349417243F8BB8AD8C8</string>
			<key>isa</key>
			<string>PBXBuildFile</string>
		</dict>
		<key>E6241349417243F8BB8AD8C8</key>
		<dict>
			<key>explicitFileType</key>
			<string>archive.ar</string>
			<key>includeInIndex</key>
			<string>0</string>
			<key>isa</key>
			<string>PBXFileReference</string>
			<key>path</key>
			<string>libPods.a</string>
			<key>sourceTree</key>
			<string>BUILT_PRODUCTS_DIR</string>
		</dict>
		<key>FD93C2A86E5844FABE48300A</key>
		<dict>
			<key>buildActionMask</key>
			<string>2147483647</string>
			<key>files</key>
			<array/>
			<key>inputPaths</key>
			<array/>
			<key>isa</key>
			<string>PBXShellScriptBuildPhase</string>
			<key>name</key>
			<string>Check Pods Manifest.lock</string>
			<key>outputPaths</key>
			<array/>
			<key>runOnlyForDeploymentPostprocessing</key>
			<string>0</string>
			<key>shellPath</key>
			<string>/bin/sh</string>
			<key>shellScript</key>
			<string>diff "${PODS_ROOT}/../Podfile.lock" "${PODS_ROOT}/Manifest.lock" &gt; /dev/null
if [[ $? != 0 ]] ; then
    cat &lt;&lt; EOM
error: The sandbox is not in sync with the Podfile.lock. Run 'pod install' or update your CocoaPods installation.
EOM
    exit 1
fi
</string>
			<key>showEnvVarsInLog</key>
			<string>0</string>
		</dict>
	</dict>
	<key>rootObject</key>
	<string>30AC52C118FC9D0000014DEB</string>
</dict>
</plist>
